
Microsoft Visual Studio Solution File, Format Version 12.00
# Visual Studio Version 16
VisualStudioVersion = 16.0.30320.27
MinimumVisualStudioVersion = 10.0.40219.1
Project("{F184B08F-C81C-45F6-A57F-5ABD9991F28F}") = "FrenchPixelLauncher", "FrenchPixelLauncher\FrenchPixelLauncher.vbproj", "{AA548F89-AB51-47D1-AEA6-A35769B7055C}"
EndProject
Global
	GlobalSection(SolutionConfigurationPlatforms) = preSolution
		Debug|Any CPU = Debug|Any CPU
		Release|Any CPU = Release|Any CPU
	EndGlobalSection
	GlobalSection(ProjectConfigurationPlatforms) = postSolution
		{AA548F89-AB51-47D1-AEA6-A35769B7055C}.Debug|Any CPU.ActiveCfg = Debug|Any CPU
		{AA548F89-AB51-47D1-AEA6-A35769B7055C}.Debug|Any CPU.Build.0 = Debug|Any CPU
		{AA548F89-AB51-47D1-AEA6-A35769B7055C}.Release|Any CPU.ActiveCfg = Release|Any CPU
		{AA548F89-AB51-47D1-AEA6-A35769B7055C}.Release|Any CPU.Build.0 = Release|Any CPU
	EndGlobalSection
	GlobalSection(SolutionProperties) = preSolution
		HideSolutionNode = FALSE
	EndGlobalSection
	GlobalSection(ExtensibilityGlobals) = postSolution
		SolutionGuid = {ED34954B-7D98-4648-B26C-659719251A05}
	EndGlobalSection
EndGlobal
